// !$*UTF8*$!
{
	archiveVersion = 1;
	classes = {
	};
	objectVersion = 50;
	objects = {

/* Begin PBXBuildFile section */
		4C5738A24C16064ADBAAD072 /* Pods_capstoneParking.framework in Frameworks */ = {isa = PBXBuildFile; fileRef = C46045574CF1CFF359DF42C4 /* Pods_capstoneParking.framework */; };
		CC09ED6A2247E7B9008EDA0D /* FirebaseController.swift in Sources */ = {isa = PBXBuildFile; fileRef = CC09ED692247E7B9008EDA0D /* FirebaseController.swift */; };
		CC0B7C34225C41EB0084FC71 /* Reservation.swift in Sources */ = {isa = PBXBuildFile; fileRef = CC0B7C33225C41EB0084FC71 /* Reservation.swift */; };
		CC0C0E2F224F639A003426B6 /* Map.storyboard in Resources */ = {isa = PBXBuildFile; fileRef = CC0C0E2E224F639A003426B6 /* Map.storyboard */; };
		CC0C0E31224F63C2003426B6 /* ParkingTab.storyboard in Resources */ = {isa = PBXBuildFile; fileRef = CC0C0E30224F63C2003426B6 /* ParkingTab.storyboard */; };
		CC0C1D9B22539FDA00A65D3E /* ParkingController.swift in Sources */ = {isa = PBXBuildFile; fileRef = CC0C1D9A22539FDA00A65D3E /* ParkingController.swift */; };
		CC0C3E052247BA8D00067330 /* CustomButton.swift in Sources */ = {isa = PBXBuildFile; fileRef = CC0C3E042247BA8D00067330 /* CustomButton.swift */; };
		CC3C5A0D2243D31F00671D4E /* AppDelegate.swift in Sources */ = {isa = PBXBuildFile; fileRef = CC3C5A0C2243D31F00671D4E /* AppDelegate.swift */; };
		CC3C5A0F2243D31F00671D4E /* LogInViewController.swift in Sources */ = {isa = PBXBuildFile; fileRef = CC3C5A0E2243D31F00671D4E /* LogInViewController.swift */; };
		CC3C5A122243D31F00671D4E /* Main.storyboard in Resources */ = {isa = PBXBuildFile; fileRef = CC3C5A102243D31F00671D4E /* Main.storyboard */; };
		CC3C5A142243D32000671D4E /* Assets.xcassets in Resources */ = {isa = PBXBuildFile; fileRef = CC3C5A132243D32000671D4E /* Assets.xcassets */; };
		CC3C5A172243D32000671D4E /* LaunchScreen.storyboard in Resources */ = {isa = PBXBuildFile; fileRef = CC3C5A152243D32000671D4E /* LaunchScreen.storyboard */; };
		CC3C5A2322452C3C00671D4E /* CreateNewAccountViewController.swift in Sources */ = {isa = PBXBuildFile; fileRef = CC3C5A2222452C3C00671D4E /* CreateNewAccountViewController.swift */; };
		CC3C5A2522452C5F00671D4E /* MapViewController.swift in Sources */ = {isa = PBXBuildFile; fileRef = CC3C5A2422452C5F00671D4E /* MapViewController.swift */; };
		CC3C5A2922452C9F00671D4E /* ParkingTabViewController.swift in Sources */ = {isa = PBXBuildFile; fileRef = CC3C5A2822452C9F00671D4E /* ParkingTabViewController.swift */; };
		CC3C5A2B22452CB800671D4E /* DetailViewController.swift in Sources */ = {isa = PBXBuildFile; fileRef = CC3C5A2A22452CB800671D4E /* DetailViewController.swift */; };
		CC3C5A2D22452CD100671D4E /* User.swift in Sources */ = {isa = PBXBuildFile; fileRef = CC3C5A2C22452CD100671D4E /* User.swift */; };
		CC3C5A2F22452E9200671D4E /* RegisteredSpot.swift in Sources */ = {isa = PBXBuildFile; fileRef = CC3C5A2E22452E9200671D4E /* RegisteredSpot.swift */; };
		CC3C5A352245325E00671D4E /* GoogleService-Info.plist in Resources */ = {isa = PBXBuildFile; fileRef = CC3C5A342245325E00671D4E /* GoogleService-Info.plist */; };
/* End PBXBuildFile section */

/* Begin PBXFileReference section */
		C4173EA5737C4638B1C06723 /* Pods-capstoneParking.debug.xcconfig */ = {isa = PBXFileReference; includeInIndex = 1; lastKnownFileType = text.xcconfig; name = "Pods-capstoneParking.debug.xcconfig"; path = "Target Support Files/Pods-capstoneParking/Pods-capstoneParking.debug.xcconfig"; sourceTree = "<group>"; };
		C46045574CF1CFF359DF42C4 /* Pods_capstoneParking.framework */ = {isa = PBXFileReference; explicitFileType = wrapper.framework; includeInIndex = 0; path = Pods_capstoneParking.framework; sourceTree = BUILT_PRODUCTS_DIR; };
		CC09ED692247E7B9008EDA0D /* FirebaseController.swift */ = {isa = PBXFileReference; lastKnownFileType = sourcecode.swift; path = FirebaseController.swift; sourceTree = "<group>"; };
		CC0B7C33225C41EB0084FC71 /* Reservation.swift */ = {isa = PBXFileReference; lastKnownFileType = sourcecode.swift; path = Reservation.swift; sourceTree = "<group>"; };
		CC0C0E2E224F639A003426B6 /* Map.storyboard */ = {isa = PBXFileReference; fileEncoding = 4; lastKnownFileType = file.storyboard; path = Map.storyboard; sourceTree = "<group>"; };
		CC0C0E30224F63C2003426B6 /* ParkingTab.storyboard */ = {isa = PBXFileReference; fileEncoding = 4; lastKnownFileType = file.storyboard; path = ParkingTab.storyboard; sourceTree = "<group>"; };
		CC0C1D9A22539FDA00A65D3E /* ParkingController.swift */ = {isa = PBXFileReference; lastKnownFileType = sourcecode.swift; path = ParkingController.swift; sourceTree = "<group>"; };
		CC0C3E042247BA8D00067330 /* CustomButton.swift */ = {isa = PBXFileReference; lastKnownFileType = sourcecode.swift; path = CustomButton.swift; sourceTree = "<group>"; };
		CC3C5A092243D31F00671D4E /* capstoneParking.app */ = {isa = PBXFileReference; explicitFileType = wrapper.application; includeInIndex = 0; path = capstoneParking.app; sourceTree = BUILT_PRODUCTS_DIR; };
		CC3C5A0C2243D31F00671D4E /* AppDelegate.swift */ = {isa = PBXFileReference; lastKnownFileType = sourcecode.swift; path = AppDelegate.swift; sourceTree = "<group>"; };
		CC3C5A0E2243D31F00671D4E /* LogInViewController.swift */ = {isa = PBXFileReference; lastKnownFileType = sourcecode.swift; path = LogInViewController.swift; sourceTree = "<group>"; };
		CC3C5A112243D31F00671D4E /* Base */ = {isa = PBXFileReference; lastKnownFileType = file.storyboard; name = Base; path = Base.lproj/Main.storyboard; sourceTree = "<group>"; };
		CC3C5A132243D32000671D4E /* Assets.xcassets */ = {isa = PBXFileReference; lastKnownFileType = folder.assetcatalog; path = Assets.xcassets; sourceTree = "<group>"; };
		CC3C5A162243D32000671D4E /* Base */ = {isa = PBXFileReference; lastKnownFileType = file.storyboard; name = Base; path = Base.lproj/LaunchScreen.storyboard; sourceTree = "<group>"; };
		CC3C5A182243D32000671D4E /* Info.plist */ = {isa = PBXFileReference; lastKnownFileType = text.plist.xml; path = Info.plist; sourceTree = "<group>"; };
		CC3C5A2222452C3C00671D4E /* CreateNewAccountViewController.swift */ = {isa = PBXFileReference; lastKnownFileType = sourcecode.swift; path = CreateNewAccountViewController.swift; sourceTree = "<group>"; };
		CC3C5A2422452C5F00671D4E /* MapViewController.swift */ = {isa = PBXFileReference; lastKnownFileType = sourcecode.swift; path = MapViewController.swift; sourceTree = "<group>"; };
		CC3C5A2822452C9F00671D4E /* ParkingTabViewController.swift */ = {isa = PBXFileReference; lastKnownFileType = sourcecode.swift; path = ParkingTabViewController.swift; sourceTree = "<group>"; };
		CC3C5A2A22452CB800671D4E /* DetailViewController.swift */ = {isa = PBXFileReference; lastKnownFileType = sourcecode.swift; path = DetailViewController.swift; sourceTree = "<group>"; };
		CC3C5A2C22452CD100671D4E /* User.swift */ = {isa = PBXFileReference; lastKnownFileType = sourcecode.swift; path = User.swift; sourceTree = "<group>"; };
		CC3C5A2E22452E9200671D4E /* RegisteredSpot.swift */ = {isa = PBXFileReference; lastKnownFileType = sourcecode.swift; path = RegisteredSpot.swift; sourceTree = "<group>"; };
		CC3C5A342245325E00671D4E /* GoogleService-Info.plist */ = {isa = PBXFileReference; fileEncoding = 4; lastKnownFileType = text.plist.xml; path = "GoogleService-Info.plist"; sourceTree = "<group>"; };
		D6E20017E84A3AE40B7913AF /* Pods-capstoneParking.release.xcconfig */ = {isa = PBXFileReference; includeInIndex = 1; lastKnownFileType = text.xcconfig; name = "Pods-capstoneParking.release.xcconfig"; path = "Target Support Files/Pods-capstoneParking/Pods-capstoneParking.release.xcconfig"; sourceTree = "<group>"; };
/* End PBXFileReference section */

/* Begin PBXFrameworksBuildPhase section */
		CC3C5A062243D31F00671D4E /* Frameworks */ = {
			isa = PBXFrameworksBuildPhase;
			buildActionMask = 2147483647;
			files = (
				4C5738A24C16064ADBAAD072 /* Pods_capstoneParking.framework in Frameworks */,
			);
			runOnlyForDeploymentPostprocessing = 0;
		};
/* End PBXFrameworksBuildPhase section */

/* Begin PBXGroup section */
		51AB77A8F3C1D31533676548 /* Pods */ = {
			isa = PBXGroup;
			children = (
				C4173EA5737C4638B1C06723 /* Pods-capstoneParking.debug.xcconfig */,
				D6E20017E84A3AE40B7913AF /* Pods-capstoneParking.release.xcconfig */,
			);
			path = Pods;
			sourceTree = "<group>";
		};
		CC09ED682247E262008EDA0D /* ModelControllers */ = {
			isa = PBXGroup;
			children = (
				CC09ED692247E7B9008EDA0D /* FirebaseController.swift */,
				CC0C1D9A22539FDA00A65D3E /* ParkingController.swift */,
			);
			path = ModelControllers;
			sourceTree = "<group>";
		};
		CC0C3E032247BA3200067330 /* UIDesign */ = {
			isa = PBXGroup;
			children = (
				CC0C3E042247BA8D00067330 /* CustomButton.swift */,
			);
			path = UIDesign;
			sourceTree = "<group>";
		};
		CC3C5A002243D31F00671D4E = {
			isa = PBXGroup;
			children = (
				CC3C5A0B2243D31F00671D4E /* capstoneParking */,
				CC3C5A0A2243D31F00671D4E /* Products */,
				51AB77A8F3C1D31533676548 /* Pods */,
				F9F1C8882D4573FAF307333A /* Frameworks */,
			);
			sourceTree = "<group>";
		};
		CC3C5A0A2243D31F00671D4E /* Products */ = {
			isa = PBXGroup;
			children = (
				CC3C5A092243D31F00671D4E /* capstoneParking.app */,
			);
			name = Products;
			sourceTree = "<group>";
		};
		CC3C5A0B2243D31F00671D4E /* capstoneParking */ = {
			isa = PBXGroup;
			children = (
				CC3C5A202243D32B00671D4E /* Controllers */,
				CC3C5A1F2243D32A00671D4E /* Views and Assets */,
				CC3C5A1E2243D32600671D4E /* Models */,
				CC3C5A0C2243D31F00671D4E /* AppDelegate.swift */,
				CC3C5A182243D32000671D4E /* Info.plist */,
				CC3C5A342245325E00671D4E /* GoogleService-Info.plist */,
			);
			path = capstoneParking;
			sourceTree = "<group>";
		};
		CC3C5A1E2243D32600671D4E /* Models */ = {
			isa = PBXGroup;
			children = (
				CC3C5A2C22452CD100671D4E /* User.swift */,
				CC3C5A2E22452E9200671D4E /* RegisteredSpot.swift */,
				CC0B7C33225C41EB0084FC71 /* Reservation.swift */,
			);
			path = Models;
			sourceTree = "<group>";
		};
		CC3C5A1F2243D32A00671D4E /* Views and Assets */ = {
			isa = PBXGroup;
			children = (
				CC0C0E30224F63C2003426B6 /* ParkingTab.storyboard */,
				CC0C0E2E224F639A003426B6 /* Map.storyboard */,
				CC3C5A102243D31F00671D4E /* Main.storyboard */,
				CC3C5A152243D32000671D4E /* LaunchScreen.storyboard */,
				CC3C5A132243D32000671D4E /* Assets.xcassets */,
				CC0C3E032247BA3200067330 /* UIDesign */,
			);
			path = "Views and Assets";
			sourceTree = "<group>";
		};
		CC3C5A202243D32B00671D4E /* Controllers */ = {
			isa = PBXGroup;
			children = (
				CC09ED682247E262008EDA0D /* ModelControllers */,
				CC3C5A0E2243D31F00671D4E /* LogInViewController.swift */,
				CC3C5A2222452C3C00671D4E /* CreateNewAccountViewController.swift */,
				CC3C5A2422452C5F00671D4E /* MapViewController.swift */,
				CC3C5A2822452C9F00671D4E /* ParkingTabViewController.swift */,
				CC3C5A2A22452CB800671D4E /* DetailViewController.swift */,
			);
			path = Controllers;
			sourceTree = "<group>";
		};
		F9F1C8882D4573FAF307333A /* Frameworks */ = {
			isa = PBXGroup;
			children = (
				C46045574CF1CFF359DF42C4 /* Pods_capstoneParking.framework */,
			);
			name = Frameworks;
			sourceTree = "<group>";
		};
/* End PBXGroup section */

/* Begin PBXNativeTarget section */
		CC3C5A082243D31F00671D4E /* capstoneParking */ = {
			isa = PBXNativeTarget;
			buildConfigurationList = CC3C5A1B2243D32000671D4E /* Build configuration list for PBXNativeTarget "capstoneParking" */;
			buildPhases = (
				3A7FBE94A7F8FDA2DCD73B0D /* [CP] Check Pods Manifest.lock */,
				CC3C5A052243D31F00671D4E /* Sources */,
				CC3C5A062243D31F00671D4E /* Frameworks */,
				CC3C5A072243D31F00671D4E /* Resources */,
				312A15ED10B6E177DB848E71 /* [CP] Embed Pods Frameworks */,
			);
			buildRules = (
			);
			dependencies = (
			);
			name = capstoneParking;
			productName = capstoneParking;
			productReference = CC3C5A092243D31F00671D4E /* capstoneParking.app */;
			productType = "com.apple.product-type.application";
		};
/* End PBXNativeTarget section */

/* Begin PBXProject section */
		CC3C5A012243D31F00671D4E /* Project object */ = {
			isa = PBXProject;
			attributes = {
				LastSwiftUpdateCheck = 1010;
				LastUpgradeCheck = 1010;
				ORGANIZATIONNAME = "Justin Snider";
				TargetAttributes = {
					CC3C5A082243D31F00671D4E = {
						CreatedOnToolsVersion = 10.1;
					};
				};
			};
			buildConfigurationList = CC3C5A042243D31F00671D4E /* Build configuration list for PBXProject "capstoneParking" */;
			compatibilityVersion = "Xcode 9.3";
			developmentRegion = en;
			hasScannedForEncodings = 0;
			knownRegions = (
				en,
				Base,
			);
			mainGroup = CC3C5A002243D31F00671D4E;
			productRefGroup = CC3C5A0A2243D31F00671D4E /* Products */;
			projectDirPath = "";
			projectRoot = "";
			targets = (
				CC3C5A082243D31F00671D4E /* capstoneParking */,
			);
		};
/* End PBXProject section */

/* Begin PBXResourcesBuildPhase section */
		CC3C5A072243D31F00671D4E /* Resources */ = {
			isa = PBXResourcesBuildPhase;
			buildActionMask = 2147483647;
			files = (
				CC3C5A172243D32000671D4E /* LaunchScreen.storyboard in Resources */,
				CC0C0E31224F63C2003426B6 /* ParkingTab.storyboard in Resources */,
				CC3C5A142243D32000671D4E /* Assets.xcassets in Resources */,
				CC0C0E2F224F639A003426B6 /* Map.storyboard in Resources */,
				CC3C5A352245325E00671D4E /* GoogleService-Info.plist in Resources */,
				CC3C5A122243D31F00671D4E /* Main.storyboard in Resources */,
			);
			runOnlyForDeploymentPostprocessing = 0;
		};
/* End PBXResourcesBuildPhase section */

/* Begin PBXShellScriptBuildPhase section */
		312A15ED10B6E177DB848E71 /* [CP] Embed Pods Frameworks */ = {
			isa = PBXShellScriptBuildPhase;
			buildActionMask = 2147483647;
			files = (
			);
			inputFileListPaths = (
			);
			inputPaths = (
				"${PODS_ROOT}/Target Support Files/Pods-capstoneParking/Pods-capstoneParking-frameworks.sh",
				"${BUILT_PRODUCTS_DIR}/BoringSSL-GRPC/openssl_grpc.framework",
				"${BUILT_PRODUCTS_DIR}/GTMSessionFetcher/GTMSessionFetcher.framework",
				"${BUILT_PRODUCTS_DIR}/GoogleUtilities/GoogleUtilities.framework",
				"${BUILT_PRODUCTS_DIR}/Protobuf/Protobuf.framework",
				"${BUILT_PRODUCTS_DIR}/gRPC-C++/grpcpp.framework",
				"${BUILT_PRODUCTS_DIR}/gRPC-Core/grpc.framework",
				"${BUILT_PRODUCTS_DIR}/leveldb-library/leveldb.framework",
				"${BUILT_PRODUCTS_DIR}/nanopb/nanopb.framework",
			);
			name = "[CP] Embed Pods Frameworks";
			outputFileListPaths = (
			);
			outputPaths = (
				"${TARGET_BUILD_DIR}/${FRAMEWORKS_FOLDER_PATH}/openssl_grpc.framework",
				"${TARGET_BUILD_DIR}/${FRAMEWORKS_FOLDER_PATH}/GTMSessionFetcher.framework",
				"${TARGET_BUILD_DIR}/${FRAMEWORKS_FOLDER_PATH}/GoogleUtilities.framework",
				"${TARGET_BUILD_DIR}/${FRAMEWORKS_FOLDER_PATH}/Protobuf.framework",
				"${TARGET_BUILD_DIR}/${FRAMEWORKS_FOLDER_PATH}/grpcpp.framework",
				"${TARGET_BUILD_DIR}/${FRAMEWORKS_FOLDER_PATH}/grpc.framework",
				"${TARGET_BUILD_DIR}/${FRAMEWORKS_FOLDER_PATH}/leveldb.framework",
				"${TARGET_BUILD_DIR}/${FRAMEWORKS_FOLDER_PATH}/nanopb.framework",
			);
			runOnlyForDeploymentPostprocessing = 0;
			shellPath = /bin/sh;
			shellScript = "\"${PODS_ROOT}/Target Support Files/Pods-capstoneParking/Pods-capstoneParking-frameworks.sh\"\n";
			showEnvVarsInLog = 0;
		};
		3A7FBE94A7F8FDA2DCD73B0D /* [CP] Check Pods Manifest.lock */ = {
			isa = PBXShellScriptBuildPhase;
			buildActionMask = 2147483647;
			files = (
			);
			inputFileListPaths = (
			);
			inputPaths = (
				"${PODS_PODFILE_DIR_PATH}/Podfile.lock",
				"${PODS_ROOT}/Manifest.lock",
			);
			name = "[CP] Check Pods Manifest.lock";
			outputFileListPaths = (
			);
			outputPaths = (
				"$(DERIVED_FILE_DIR)/Pods-capstoneParking-checkManifestLockResult.txt",
			);
			runOnlyForDeploymentPostprocessing = 0;
			shellPath = /bin/sh;
			shellScript = "diff \"${PODS_PODFILE_DIR_PATH}/Podfile.lock\" \"${PODS_ROOT}/Manifest.lock\" > /dev/null\nif [ $? != 0 ] ; then\n    # print error to STDERR\n    echo \"error: The sandbox is not in sync with the Podfile.lock. Run 'pod install' or update your CocoaPods installation.\" >&2\n    exit 1\nfi\n# This output is used by Xcode 'outputs' to avoid re-running this script phase.\necho \"SUCCESS\" > \"${SCRIPT_OUTPUT_FILE_0}\"\n";
			showEnvVarsInLog = 0;
		};
/* End PBXShellScriptBuildPhase section */

/* Begin PBXSourcesBuildPhase section */
		CC3C5A052243D31F00671D4E /* Sources */ = {
			isa = PBXSourcesBuildPhase;
			buildActionMask = 2147483647;
			files = (
				CC09ED6A2247E7B9008EDA0D /* FirebaseController.swift in Sources */,
				CC3C5A2D22452CD100671D4E /* User.swift in Sources */,
				CC0B7C34225C41EB0084FC71 /* Reservation.swift in Sources */,
				CC3C5A0F2243D31F00671D4E /* LogInViewController.swift in Sources */,
				CC0C1D9B22539FDA00A65D3E /* ParkingController.swift in Sources */,
				CC3C5A0D2243D31F00671D4E /* AppDelegate.swift in Sources */,
				CC3C5A2F22452E9200671D4E /* RegisteredSpot.swift in Sources */,
				CC3C5A2922452C9F00671D4E /* ParkingTabViewController.swift in Sources */,
				CC0C3E052247BA8D00067330 /* CustomButton.swift in Sources */,
				CC3C5A2B22452CB800671D4E /* DetailViewController.swift in Sources */,
				CC3C5A2322452C3C00671D4E /* CreateNewAccountViewController.swift in Sources */,
				CC3C5A2522452C5F00671D4E /* MapViewController.swift in Sources */,
			);
			runOnlyForDeploymentPostprocessing = 0;
		};
/* End PBXSourcesBuildPhase section */

/* Begin PBXVariantGroup section */
		CC3C5A102243D31F00671D4E /* Main.storyboard */ = {
			isa = PBXVariantGroup;
			children = (
				CC3C5A112243D31F00671D4E /* Base */,
			);
			name = Main.storyboard;
			sourceTree = "<group>";
		};
		CC3C5A152243D32000671D4E /* LaunchScreen.storyboard */ = {
			isa = PBXVariantGroup;
			children = (
				CC3C5A162243D32000671D4E /* Base */,
			);
			name = LaunchScreen.storyboard;
			sourceTree = "<group>";
		};
/* End PBXVariantGroup section */

/* Begin XCBuildConfiguration section */
		CC3C5A192243D32000671D4E /* Debug */ = {
			isa = XCBuildConfiguration;
			buildSettings = {
				ALWAYS_SEARCH_USER_PATHS = NO;
				CLANG_ANALYZER_NONNULL = YES;
				CLANG_ANALYZER_NUMBER_OBJECT_CONVERSION = YES_AGGRESSIVE;
				CLANG_CXX_LANGUAGE_STANDARD = "gnu++14";
				CLANG_CXX_LIBRARY = "libc++";
				CLANG_ENABLE_MODULES = YES;
				CLANG_ENABLE_OBJC_ARC = YES;
				CLANG_ENABLE_OBJC_WEAK = YES;
				CLANG_WARN_BLOCK_CAPTURE_AUTORELEASING = YES;
				CLANG_WARN_BOOL_CONVERSION = YES;
				CLANG_WARN_COMMA = YES;
				CLANG_WARN_CONSTANT_CONVERSION = YES;
				CLANG_WARN_DEPRECATED_OBJC_IMPLEMENTATIONS = YES;
				CLANG_WARN_DIRECT_OBJC_ISA_USAGE = YES_ERROR;
				CLANG_WARN_DOCUMENTATION_COMMENTS = YES;
				CLANG_WARN_EMPTY_BODY = YES;
				CLANG_WARN_ENUM_CONVERSION = YES;
				CLANG_WARN_INFINITE_RECURSION = YES;
				CLANG_WARN_INT_CONVERSION = YES;
				CLANG_WARN_NON_LITERAL_NULL_CONVERSION = YES;
				CLANG_WARN_OBJC_IMPLICIT_RETAIN_SELF = YES;
				CLANG_WARN_OBJC_LITERAL_CONVERSION = YES;
				CLANG_WARN_OBJC_ROOT_CLASS = YES_ERROR;
				CLANG_WARN_RANGE_LOOP_ANALYSIS = YES;
				CLANG_WARN_STRICT_PROTOTYPES = YES;
				CLANG_WARN_SUSPICIOUS_MOVE = YES;
				CLANG_WARN_UNGUARDED_AVAILABILITY = YES_AGGRESSIVE;
				CLANG_WARN_UNREACHABLE_CODE = YES;
				CLANG_WARN__DUPLICATE_METHOD_MATCH = YES;
				CODE_SIGN_IDENTITY = "iPhone Developer";
				COPY_PHASE_STRIP = NO;
				DEBUG_INFORMATION_FORMAT = dwarf;
				ENABLE_STRICT_OBJC_MSGSEND = YES;
				ENABLE_TESTABILITY = YES;
				GCC_C_LANGUAGE_STANDARD = gnu11;
				GCC_DYNAMIC_NO_PIC = NO;
				GCC_NO_COMMON_BLOCKS = YES;
				GCC_OPTIMIZATION_LEVEL = 0;
				GCC_PREPROCESSOR_DEFINITIONS = (
					"DEBUG=1",
					"$(inherited)",
				);
				GCC_WARN_64_TO_32_BIT_CONVERSION = YES;
				GCC_WARN_ABOUT_RETURN_TYPE = YES_ERROR;
				GCC_WARN_UNDECLARED_SELECTOR = YES;
				GCC_WARN_UNINITIALIZED_AUTOS = YES_AGGRESSIVE;
				GCC_WARN_UNUSED_FUNCTION = YES;
				GCC_WARN_UNUSED_VARIABLE = YES;
				IPHONEOS_DEPLOYMENT_TARGET = 12.1;
				MTL_ENABLE_DEBUG_INFO = INCLUDE_SOURCE;
				MTL_FAST_MATH = YES;
				ONLY_ACTIVE_ARCH = YES;
				SDKROOT = iphoneos;
				SWIFT_ACTIVE_COMPILATION_CONDITIONS = DEBUG;
				SWIFT_OPTIMIZATION_LEVEL = "-Onone";
			};
			name = Debug;
		};
		CC3C5A1A2243D32000671D4E /* Release */ = {
			isa = XCBuildConfiguration;
			buildSettings = {
				ALWAYS_SEARCH_USER_PATHS = NO;
				CLANG_ANALYZER_NONNULL = YES;
				CLANG_ANALYZER_NUMBER_OBJECT_CONVERSION = YES_AGGRESSIVE;
				CLANG_CXX_LANGUAGE_STANDARD = "gnu++14";
				CLANG_CXX_LIBRARY = "libc++";
				CLANG_ENABLE_MODULES = YES;
				CLANG_ENABLE_OBJC_ARC = YES;
				CLANG_ENABLE_OBJC_WEAK = YES;
				CLANG_WARN_BLOCK_CAPTURE_AUTORELEASING = YES;
				CLANG_WARN_BOOL_CONVERSION = YES;
				CLANG_WARN_COMMA = YES;
				CLANG_WARN_CONSTANT_CONVERSION = YES;
				CLANG_WARN_DEPRECATED_OBJC_IMPLEMENTATIONS = YES;
				CLANG_WARN_DIRECT_OBJC_ISA_USAGE = YES_ERROR;
				CLANG_WARN_DOCUMENTATION_COMMENTS = YES;
				CLANG_WARN_EMPTY_BODY = YES;
				CLANG_WARN_ENUM_CONVERSION = YES;
				CLANG_WARN_INFINITE_RECURSION = YES;
				CLANG_WARN_INT_CONVERSION = YES;
				CLANG_WARN_NON_LITERAL_NULL_CONVERSION = YES;
				CLANG_WARN_OBJC_IMPLICIT_RETAIN_SELF = YES;
				CLANG_WARN_OBJC_LITERAL_CONVERSION = YES;
				CLANG_WARN_OBJC_ROOT_CLASS = YES_ERROR;
				CLANG_WARN_RANGE_LOOP_ANALYSIS = YES;
				CLANG_WARN_STRICT_PROTOTYPES = YES;
				CLANG_WARN_SUSPICIOUS_MOVE = YES;
				CLANG_WARN_UNGUARDED_AVAILABILITY = YES_AGGRESSIVE;
				CLANG_WARN_UNREACHABLE_CODE = YES;
				CLANG_WARN__DUPLICATE_METHOD_MATCH = YES;
				CODE_SIGN_IDENTITY = "iPhone Developer";
				COPY_PHASE_STRIP = NO;
				DEBUG_INFORMATION_FORMAT = "dwarf-with-dsym";
				ENABLE_NS_ASSERTIONS = NO;
				ENABLE_STRICT_OBJC_MSGSEND = YES;
				GCC_C_LANGUAGE_STANDARD = gnu11;
				GCC_NO_COMMON_BLOCKS = YES;
				GCC_WARN_64_TO_32_BIT_CONVERSION = YES;
				GCC_WARN_ABOUT_RETURN_TYPE = YES_ERROR;
				GCC_WARN_UNDECLARED_SELECTOR = YES;
				GCC_WARN_UNINITIALIZED_AUTOS = YES_AGGRESSIVE;
				GCC_WARN_UNUSED_FUNCTION = YES;
				GCC_WARN_UNUSED_VARIABLE = YES;
				IPHONEOS_DEPLOYMENT_TARGET = 12.1;
				MTL_ENABLE_DEBUG_INFO = NO;
				MTL_FAST_MATH = YES;
				SDKROOT = iphoneos;
				SWIFT_COMPILATION_MODE = wholemodule;
				SWIFT_OPTIMIZATION_LEVEL = "-O";
				VALIDATE_PRODUCT = YES;
			};
			name = Release;
		};
		CC3C5A1C2243D32000671D4E /* Debug */ = {
			isa = XCBuildConfiguration;
			baseConfigurationReference = C4173EA5737C4638B1C06723 /* Pods-capstoneParking.debug.xcconfig */;
			buildSettings = {
				ASSETCATALOG_COMPILER_APPICON_NAME = AppIcon;
				CODE_SIGN_STYLE = Automatic;
				INFOPLIST_FILE = capstoneParking/Info.plist;
				LD_RUNPATH_SEARCH_PATHS = (
					"$(inherited)",
					"@executable_path/Frameworks",
				);
				PRODUCT_BUNDLE_IDENTIFIER = com.example.capstoneParking;
				PRODUCT_NAME = "$(TARGET_NAME)";
				SWIFT_VERSION = 4.2;
				TARGETED_DEVICE_FAMILY = "1,2";
			};
			name = Debug;
		};
		CC3C5A1D2243D32000671D4E /* Release */ = {
			isa = XCBuildConfiguration;
			baseConfigurationReference = D6E20017E84A3AE40B7913AF /* Pods-capstoneParking.release.xcconfig */;
			buildSettings = {
				ASSETCATALOG_COMPILER_APPICON_NAME = AppIcon;
				CODE_SIGN_STYLE = Automatic;
				INFOPLIST_FILE = capstoneParking/Info.plist;
				LD_RUNPATH_SEARCH_PATHS = (
					"$(inherited)",
					"@executable_path/Frameworks",
				);
				PRODUCT_BUNDLE_IDENTIFIER = com.example.capstoneParking;
				PRODUCT_NAME = "$(TARGET_NAME)";
				SWIFT_VERSION = 4.2;
				TARGETED_DEVICE_FAMILY = "1,2";
			};
			name = Release;
		};
/* End XCBuildConfiguration section */

/* Begin XCConfigurationList section */
		CC3C5A042243D31F00671D4E /* Build configuration list for PBXProject "capstoneParking" */ = {
			isa = XCConfigurationList;
			buildConfigurations = (
				CC3C5A192243D32000671D4E /* Debug */,
				CC3C5A1A2243D32000671D4E /* Release */,
			);
			defaultConfigurationIsVisible = 0;
			defaultConfigurationName = Release;
		};
		CC3C5A1B2243D32000671D4E /* Build configuration list for PBXNativeTarget "capstoneParking" */ = {
			isa = XCConfigurationList;
			buildConfigurations = (
				CC3C5A1C2243D32000671D4E /* Debug */,
				CC3C5A1D2243D32000671D4E /* Release */,
			);
			defaultConfigurationIsVisible = 0;
			defaultConfigurationName = Release;
		};
/* End XCConfigurationList section */
	};
	rootObject = CC3C5A012243D31F00671D4E /* Project object */;
}
